
Microsoft Visual Studio Solution File, Format Version 12.00
# Visual Studio Version 17
VisualStudioVersion = 17.9.34622.214
MinimumVisualStudioVersion = 10.0.40219.1
Project("{FAE04EC0-301F-11D3-BF4B-00C04F79EFBC}") = "eCommerce.API", "eCommerce.API\eCommerce.API.csproj", "{2BBF793E-CCDF-45F0-9C49-0FD3148BFA9A}"
EndProject
Global
	GlobalSection(SolutionConfigurationPlatforms) = preSolution
		Debug|Any CPU = Debug|Any CPU
		Release|Any CPU = Release|Any CPU
	EndGlobalSection
	GlobalSection(ProjectConfigurationPlatforms) = postSolution
		{2BBF793E-CCDF-45F0-9C49-0FD3148BFA9A}.Debug|Any CPU.ActiveCfg = Debug|Any CPU
		{2BBF793E-CCDF-45F0-9C49-0FD3148BFA9A}.Debug|Any CPU.Build.0 = Debug|Any CPU
		{2BBF793E-CCDF-45F0-9C49-0FD3148BFA9A}.Release|Any CPU.ActiveCfg = Release|Any CPU
		{2BBF793E-CCDF-45F0-9C49-0FD3148BFA9A}.Release|Any CPU.Build.0 = Release|Any CPU
	EndGlobalSection
	GlobalSection(SolutionProperties) = preSolution
		HideSolutionNode = FALSE
	EndGlobalSection
	GlobalSection(ExtensibilityGlobals) = postSolution
		SolutionGuid = {CF314F08-C1C4-447C-84EA-A67E85F0EAC4}
	EndGlobalSection
EndGlobal
